
Microsoft Visual Studio Solution File, Format Version 12.00
# Visual Studio Version 17
VisualStudioVersion = 17.0.31512.422
MinimumVisualStudioVersion = 10.0.40219.1
Project("{F2A71F9B-5D33-465A-A702-920D77279786}") = "AppBancariaMillorDiscriminatedUnions", "AppBancariaMillorDiscriminatedUnions\AppBancariaMillorDiscriminatedUnions.fsproj", "{A5966456-15C8-4E2B-91C1-4183358AACCF}"
EndProject
Global
	GlobalSection(SolutionConfigurationPlatforms) = preSolution
		Debug|Any CPU = Debug|Any CPU
		Release|Any CPU = Release|Any CPU
	EndGlobalSection
	GlobalSection(ProjectConfigurationPlatforms) = postSolution
		{A5966456-15C8-4E2B-91C1-4183358AACCF}.Debug|Any CPU.ActiveCfg = Debug|Any CPU
		{A5966456-15C8-4E2B-91C1-4183358AACCF}.Debug|Any CPU.Build.0 = Debug|Any CPU
		{A5966456-15C8-4E2B-91C1-4183358AACCF}.Release|Any CPU.ActiveCfg = Release|Any CPU
		{A5966456-15C8-4E2B-91C1-4183358AACCF}.Release|Any CPU.Build.0 = Release|Any CPU
	EndGlobalSection
	GlobalSection(SolutionProperties) = preSolution
		HideSolutionNode = FALSE
	EndGlobalSection
	GlobalSection(ExtensibilityGlobals) = postSolution
		SolutionGuid = {ABAD8ED4-819F-4193-AE33-06CFC4B04775}
	EndGlobalSection
EndGlobal
